
Microsoft Visual Studio Solution File, Format Version 12.00
# Visual Studio Version 16
VisualStudioVersion = 16.0.29020.237
MinimumVisualStudioVersion = 10.0.40219.1
Project("{9A19103F-16F7-4668-BE54-9A1E7A4F7556}") = "BeerO.Bot", "BeerO.Bot\BeerO.Bot.csproj", "{80A7979F-A94D-4FA7-9F6A-A025B8DA2E39}"
EndProject
Project("{2150E333-8FDC-42A3-9474-1A3956D46DE8}") = "Slack", "Slack", "{CCD771BB-B286-42A6-909B-55683776DBEB}"
EndProject
Project("{2150E333-8FDC-42A3-9474-1A3956D46DE8}") = "Spotify", "Spotify", "{98063327-CF97-40D2-B2A9-972DF74B6DBD}"
EndProject
Global
	GlobalSection(SolutionConfigurationPlatforms) = preSolution
		Debug|Any CPU = Debug|Any CPU
		Release|Any CPU = Release|Any CPU
	EndGlobalSection
	GlobalSection(ProjectConfigurationPlatforms) = postSolution
		{80A7979F-A94D-4FA7-9F6A-A025B8DA2E39}.Debug|Any CPU.ActiveCfg = Debug|Any CPU
		{80A7979F-A94D-4FA7-9F6A-A025B8DA2E39}.Debug|Any CPU.Build.0 = Debug|Any CPU
		{80A7979F-A94D-4FA7-9F6A-A025B8DA2E39}.Release|Any CPU.ActiveCfg = Release|Any CPU
		{80A7979F-A94D-4FA7-9F6A-A025B8DA2E39}.Release|Any CPU.Build.0 = Release|Any CPU
	EndGlobalSection
	GlobalSection(SolutionProperties) = preSolution
		HideSolutionNode = FALSE
	EndGlobalSection
	GlobalSection(ExtensibilityGlobals) = postSolution
		SolutionGuid = {E590BEB3-D701-4A04-945B-7F61095C5509}
	EndGlobalSection
EndGlobal
